
Microsoft Visual Studio Solution File, Format Version 11.00
# Visual Studio 2010
Project("{FAE04EC0-301F-11D3-BF4B-00C04F79EFBC}") = "DIP_Project", "DIP_Project.csproj", "{252B132E-2E43-4BCD-9E23-601052AB697C}"
EndProject
Global
	GlobalSection(SolutionConfigurationPlatforms) = preSolution
		Debug|Any CPU = Debug|Any CPU
		Release|Any CPU = Release|Any CPU
	EndGlobalSection
	GlobalSection(ProjectConfigurationPlatforms) = postSolution
		{252B132E-2E43-4BCD-9E23-601052AB697C}.Debug|Any CPU.ActiveCfg = Debug|Any CPU
		{252B132E-2E43-4BCD-9E23-601052AB697C}.Debug|Any CPU.Build.0 = Debug|Any CPU
		{252B132E-2E43-4BCD-9E23-601052AB697C}.Release|Any CPU.ActiveCfg = Release|Any CPU
		{252B132E-2E43-4BCD-9E23-601052AB697C}.Release|Any CPU.Build.0 = Release|Any CPU
	EndGlobalSection
	GlobalSection(SolutionProperties) = preSolution
		HideSolutionNode = FALSE
	EndGlobalSection
EndGlobal
